
Microsoft Visual Studio Solution File, Format Version 12.00
# Visual Studio Version 16
VisualStudioVersion = 16.0.31729.503
MinimumVisualStudioVersion = 10.0.40219.1
Project("{9A19103F-16F7-4668-BE54-9A1E7A4F7556}") = "PhoneNumbers", "PhoneNumbers.csproj", "{4E93BB65-41B1-4C2A-88CB-2BC9CEC2F23E}"
EndProject
Global
	GlobalSection(SolutionConfigurationPlatforms) = preSolution
		Debug|Any CPU = Debug|Any CPU
		Release|Any CPU = Release|Any CPU
	EndGlobalSection
	GlobalSection(ProjectConfigurationPlatforms) = postSolution
		{4E93BB65-41B1-4C2A-88CB-2BC9CEC2F23E}.Debug|Any CPU.ActiveCfg = Debug|Any CPU
		{4E93BB65-41B1-4C2A-88CB-2BC9CEC2F23E}.Debug|Any CPU.Build.0 = Debug|Any CPU
		{4E93BB65-41B1-4C2A-88CB-2BC9CEC2F23E}.Release|Any CPU.ActiveCfg = Release|Any CPU
		{4E93BB65-41B1-4C2A-88CB-2BC9CEC2F23E}.Release|Any CPU.Build.0 = Release|Any CPU
		{374E95DF-53DD-40DF-BD89-A3BD1938E224}.Debug|Any CPU.ActiveCfg = Debug|Any CPU
		{374E95DF-53DD-40DF-BD89-A3BD1938E224}.Debug|Any CPU.Build.0 = Debug|Any CPU
		{374E95DF-53DD-40DF-BD89-A3BD1938E224}.Release|Any CPU.ActiveCfg = Release|Any CPU
		{374E95DF-53DD-40DF-BD89-A3BD1938E224}.Release|Any CPU.Build.0 = Release|Any CPU
	EndGlobalSection
	GlobalSection(SolutionProperties) = preSolution
		HideSolutionNode = FALSE
	EndGlobalSection
	GlobalSection(ExtensibilityGlobals) = postSolution
		SolutionGuid = {5E7E7A28-8B0E-4810-A7F1-23B2E73A831A}
	EndGlobalSection
EndGlobal
